
Microsoft Visual Studio Solution File, Format Version 12.00
# Visual Studio Version 16
VisualStudioVersion = 16.0.31205.134
MinimumVisualStudioVersion = 10.0.40219.1
Project("{FAE04EC0-301F-11D3-BF4B-00C04F79EFBC}") = "ArrayStuffs", "ArrayStuffs\ArrayStuffs.csproj", "{73D9BE0B-AC8E-4EAA-AC08-D9D1668E7852}"
EndProject
Global
	GlobalSection(SolutionConfigurationPlatforms) = preSolution
		Debug|Any CPU = Debug|Any CPU
		Release|Any CPU = Release|Any CPU
	EndGlobalSection
	GlobalSection(ProjectConfigurationPlatforms) = postSolution
		{73D9BE0B-AC8E-4EAA-AC08-D9D1668E7852}.Debug|Any CPU.ActiveCfg = Debug|Any CPU
		{73D9BE0B-AC8E-4EAA-AC08-D9D1668E7852}.Debug|Any CPU.Build.0 = Debug|Any CPU
		{73D9BE0B-AC8E-4EAA-AC08-D9D1668E7852}.Release|Any CPU.ActiveCfg = Release|Any CPU
		{73D9BE0B-AC8E-4EAA-AC08-D9D1668E7852}.Release|Any CPU.Build.0 = Release|Any CPU
	EndGlobalSection
	GlobalSection(SolutionProperties) = preSolution
		HideSolutionNode = FALSE
	EndGlobalSection
	GlobalSection(ExtensibilityGlobals) = postSolution
		SolutionGuid = {F10C3CE3-6DC5-4280-97C9-37117EE13840}
	EndGlobalSection
EndGlobal
